
Microsoft Visual Studio Solution File, Format Version 12.00
Project("{FAE04EC0-301F-11D3-BF4B-00C04F79EFBC}") = "eilang", "eilang\eilang.csproj", "{2797879A-5F94-48AF-8377-E726B6A79D9F}"
EndProject
Project("{FAE04EC0-301F-11D3-BF4B-00C04F79EFBC}") = "eilang.Tests", "eilang.Tests\eilang.Tests.csproj", "{0DDE2AA4-6ECA-4A23-87A7-EF351C867EA1}"
EndProject
Global
	GlobalSection(SolutionConfigurationPlatforms) = preSolution
		Debug|Any CPU = Debug|Any CPU
		Release|Any CPU = Release|Any CPU
	EndGlobalSection
	GlobalSection(ProjectConfigurationPlatforms) = postSolution
		{2797879A-5F94-48AF-8377-E726B6A79D9F}.Debug|Any CPU.ActiveCfg = Debug|Any CPU
		{2797879A-5F94-48AF-8377-E726B6A79D9F}.Debug|Any CPU.Build.0 = Debug|Any CPU
		{2797879A-5F94-48AF-8377-E726B6A79D9F}.Release|Any CPU.ActiveCfg = Release|Any CPU
		{2797879A-5F94-48AF-8377-E726B6A79D9F}.Release|Any CPU.Build.0 = Release|Any CPU
		{0DDE2AA4-6ECA-4A23-87A7-EF351C867EA1}.Debug|Any CPU.ActiveCfg = Debug|Any CPU
		{0DDE2AA4-6ECA-4A23-87A7-EF351C867EA1}.Debug|Any CPU.Build.0 = Debug|Any CPU
		{0DDE2AA4-6ECA-4A23-87A7-EF351C867EA1}.Release|Any CPU.ActiveCfg = Release|Any CPU
		{0DDE2AA4-6ECA-4A23-87A7-EF351C867EA1}.Release|Any CPU.Build.0 = Release|Any CPU
	EndGlobalSection
EndGlobal
